// !$*UTF8*$!
{
	archiveVersion = 1;
	classes = {
	};
	objectVersion = 50;
	objects = {

/* Begin PBXBuildFile section */
		00BD27DF24113562009C4B14 /* AppDelegate.swift in Sources */ = {isa = PBXBuildFile; fileRef = 00BD27DE24113562009C4B14 /* AppDelegate.swift */; };
		00BD27E124113562009C4B14 /* SceneDelegate.swift in Sources */ = {isa = PBXBuildFile; fileRef = 00BD27E024113562009C4B14 /* SceneDelegate.swift */; };
		00BD27E324113562009C4B14 /* ScrubbingViewController.swift in Sources */ = {isa = PBXBuildFile; fileRef = 00BD27E224113562009C4B14 /* ScrubbingViewController.swift */; };
		00BD27E624113562009C4B14 /* Main.storyboard in Resources */ = {isa = PBXBuildFile; fileRef = 00BD27E424113562009C4B14 /* Main.storyboard */; };
		00BD27E82411356B009C4B14 /* Assets.xcassets in Resources */ = {isa = PBXBuildFile; fileRef = 00BD27E72411356B009C4B14 /* Assets.xcassets */; };
		00BD27EB2411356B009C4B14 /* LaunchScreen.storyboard in Resources */ = {isa = PBXBuildFile; fileRef = 00BD27E92411356B009C4B14 /* LaunchScreen.storyboard */; };
		00BD27F724113966009C4B14 /* ScrubbingSlider.swift in Sources */ = {isa = PBXBuildFile; fileRef = 00BD27F624113966009C4B14 /* ScrubbingSlider.swift */; };
/* End PBXBuildFile section */

/* Begin PBXFileReference section */
		00BD27DB24113562009C4B14 /* ScrubbingSlider.app */ = {isa = PBXFileReference; explicitFileType = wrapper.application; includeInIndex = 0; path = ScrubbingSlider.app; sourceTree = BUILT_PRODUCTS_DIR; };
		00BD27DE24113562009C4B14 /* AppDelegate.swift */ = {isa = PBXFileReference; lastKnownFileType = sourcecode.swift; path = AppDelegate.swift; sourceTree = "<group>"; };
		00BD27E024113562009C4B14 /* SceneDelegate.swift */ = {isa = PBXFileReference; lastKnownFileType = sourcecode.swift; path = SceneDelegate.swift; sourceTree = "<group>"; };
		00BD27E224113562009C4B14 /* ScrubbingViewController.swift */ = {isa = PBXFileReference; lastKnownFileType = sourcecode.swift; path = ScrubbingViewController.swift; sourceTree = "<group>"; };
		00BD27E524113562009C4B14 /* Base */ = {isa = PBXFileReference; lastKnownFileType = file.storyboard; name = Base; path = Base.lproj/Main.storyboard; sourceTree = "<group>"; };
		00BD27E72411356B009C4B14 /* Assets.xcassets */ = {isa = PBXFileReference; lastKnownFileType = folder.assetcatalog; path = Assets.xcassets; sourceTree = "<group>"; };
		00BD27EA2411356B009C4B14 /* Base */ = {isa = PBXFileReference; lastKnownFileType = file.storyboard; name = Base; path = Base.lproj/LaunchScreen.storyboard; sourceTree = "<group>"; };
		00BD27EC2411356B009C4B14 /* Info.plist */ = {isa = PBXFileReference; lastKnownFileType = text.plist.xml; path = Info.plist; sourceTree = "<group>"; };
		00BD27F624113966009C4B14 /* ScrubbingSlider.swift */ = {isa = PBXFileReference; fileEncoding = 4; lastKnownFileType = sourcecode.swift; path = ScrubbingSlider.swift; sourceTree = "<group>"; };
/* End PBXFileReference section */

/* Begin PBXFrameworksBuildPhase section */
		00BD27D824113562009C4B14 /* Frameworks */ = {
			isa = PBXFrameworksBuildPhase;
			buildActionMask = 2147483647;
			files = (
			);
			runOnlyForDeploymentPostprocessing = 0;
		};
/* End PBXFrameworksBuildPhase section */

/* Begin PBXGroup section */
		00BD27D224113562009C4B14 = {
			isa = PBXGroup;
			children = (
				00BD27DD24113562009C4B14 /* ScrubbingSlider */,
				00BD27DC24113562009C4B14 /* Products */,
			);
			sourceTree = "<group>";
		};
		00BD27DC24113562009C4B14 /* Products */ = {
			isa = PBXGroup;
			children = (
				00BD27DB24113562009C4B14 /* ScrubbingSlider.app */,
			);
			name = Products;
			sourceTree = "<group>";
		};
		00BD27DD24113562009C4B14 /* ScrubbingSlider */ = {
			isa = PBXGroup;
			children = (
				00BD27E424113562009C4B14 /* Main.storyboard */,
				00BD27E224113562009C4B14 /* ScrubbingViewController.swift */,
				00BD27F624113966009C4B14 /* ScrubbingSlider.swift */,
				00BD27F2241135C5009C4B14 /* Resources */,
			);
			path = ScrubbingSlider;
			sourceTree = "<group>";
		};
		00BD27F2241135C5009C4B14 /* Resources */ = {
			isa = PBXGroup;
			children = (
				00BD27E72411356B009C4B14 /* Assets.xcassets */,
				00BD27E92411356B009C4B14 /* LaunchScreen.storyboard */,
				00BD27EC2411356B009C4B14 /* Info.plist */,
				00BD27DE24113562009C4B14 /* AppDelegate.swift */,
				00BD27E024113562009C4B14 /* SceneDelegate.swift */,
			);
			path = Resources;
			sourceTree = "<group>";
		};
/* End PBXGroup section */

/* Begin PBXNativeTarget section */
		00BD27DA24113562009C4B14 /* ScrubbingSlider */ = {
			isa = PBXNativeTarget;
			buildConfigurationList = 00BD27EF2411356B009C4B14 /* Build configuration list for PBXNativeTarget "ScrubbingSlider" */;
			buildPhases = (
				00BD27D724113562009C4B14 /* Sources */,
				00BD27D824113562009C4B14 /* Frameworks */,
				00BD27D924113562009C4B14 /* Resources */,
			);
			buildRules = (
			);
			dependencies = (
			);
			name = ScrubbingSlider;
			productName = ScrubbingSlider;
			productReference = 00BD27DB24113562009C4B14 /* ScrubbingSlider.app */;
			productType = "com.apple.product-type.application";
		};
/* End PBXNativeTarget section */

/* Begin PBXProject section */
		00BD27D324113562009C4B14 /* Project object */ = {
			isa = PBXProject;
			attributes = {
				LastSwiftUpdateCheck = 1130;
				LastUpgradeCheck = 1130;
				ORGANIZATIONNAME = "Arthur Hammer";
				TargetAttributes = {
					00BD27DA24113562009C4B14 = {
						CreatedOnToolsVersion = 11.3.1;
					};
				};
			};
			buildConfigurationList = 00BD27D624113562009C4B14 /* Build configuration list for PBXProject "ScrubbingSlider" */;
			compatibilityVersion = "Xcode 9.3";
			developmentRegion = en;
			hasScannedForEncodings = 0;
			knownRegions = (
				en,
				Base,
			);
			mainGroup = 00BD27D224113562009C4B14;
			productRefGroup = 00BD27DC24113562009C4B14 /* Products */;
			projectDirPath = "";
			projectRoot = "";
			targets = (
				00BD27DA24113562009C4B14 /* ScrubbingSlider */,
			);
		};
/* End PBXProject section */

/* Begin PBXResourcesBuildPhase section */
		00BD27D924113562009C4B14 /* Resources */ = {
			isa = PBXResourcesBuildPhase;
			buildActionMask = 2147483647;
			files = (
				00BD27EB2411356B009C4B14 /* LaunchScreen.storyboard in Resources */,
				00BD27E82411356B009C4B14 /* Assets.xcassets in Resources */,
				00BD27E624113562009C4B14 /* Main.storyboard in Resources */,
			);
			runOnlyForDeploymentPostprocessing = 0;
		};
/* End PBXResourcesBuildPhase section */

/* Begin PBXSourcesBuildPhase section */
		00BD27D724113562009C4B14 /* Sources */ = {
			isa = PBXSourcesBuildPhase;
			buildActionMask = 2147483647;
			files = (
				00BD27E324113562009C4B14 /* ScrubbingViewController.swift in Sources */,
				00BD27DF24113562009C4B14 /* AppDelegate.swift in Sources */,
				00BD27F724113966009C4B14 /* ScrubbingSlider.swift in Sources */,
				00BD27E124113562009C4B14 /* SceneDelegate.swift in Sources */,
			);
			runOnlyForDeploymentPostprocessing = 0;
		};
/* End PBXSourcesBuildPhase section */

/* Begin PBXVariantGroup section */
		00BD27E424113562009C4B14 /* Main.storyboard */ = {
			isa = PBXVariantGroup;
			children = (
				00BD27E524113562009C4B14 /* Base */,
			);
			name = Main.storyboard;
			sourceTree = "<group>";
		};
		00BD27E92411356B009C4B14 /* LaunchScreen.storyboard */ = {
			isa = PBXVariantGroup;
			children = (
				00BD27EA2411356B009C4B14 /* Base */,
			);
			name = LaunchScreen.storyboard;
			sourceTree = "<group>";
		};
/* End PBXVariantGroup section */

/* Begin XCBuildConfiguration section */
		00BD27ED2411356B009C4B14 /* Debug */ = {
			isa = XCBuildConfiguration;
			buildSettings = {
				ALWAYS_SEARCH_USER_PATHS = NO;
				CLANG_ANALYZER_NONNULL = YES;
				CLANG_ANALYZER_NUMBER_OBJECT_CONVERSION = YES_AGGRESSIVE;
				CLANG_CXX_LANGUAGE_STANDARD = "gnu++14";
				CLANG_CXX_LIBRARY = "libc++";
				CLANG_ENABLE_MODULES = YES;
				CLANG_ENABLE_OBJC_ARC = YES;
				CLANG_ENABLE_OBJC_WEAK = YES;
				CLANG_WARN_BLOCK_CAPTURE_AUTORELEASING = YES;
				CLANG_WARN_BOOL_CONVERSION = YES;
				CLANG_WARN_COMMA = YES;
				CLANG_WARN_CONSTANT_CONVERSION = YES;
				CLANG_WARN_DEPRECATED_OBJC_IMPLEMENTATIONS = YES;
				CLANG_WARN_DIRECT_OBJC_ISA_USAGE = YES_ERROR;
				CLANG_WARN_DOCUMENTATION_COMMENTS = YES;
				CLANG_WARN_EMPTY_BODY = YES;
				CLANG_WARN_ENUM_CONVERSION = YES;
				CLANG_WARN_INFINITE_RECURSION = YES;
				CLANG_WARN_INT_CONVERSION = YES;
				CLANG_WARN_NON_LITERAL_NULL_CONVERSION = YES;
				CLANG_WARN_OBJC_IMPLICIT_RETAIN_SELF = YES;
				CLANG_WARN_OBJC_LITERAL_CONVERSION = YES;
				CLANG_WARN_OBJC_ROOT_CLASS = YES_ERROR;
				CLANG_WARN_RANGE_LOOP_ANALYSIS = YES;
				CLANG_WARN_STRICT_PROTOTYPES = YES;
				CLANG_WARN_SUSPICIOUS_MOVE = YES;
				CLANG_WARN_UNGUARDED_AVAILABILITY = YES_AGGRESSIVE;
				CLANG_WARN_UNREACHABLE_CODE = YES;
				CLANG_WARN__DUPLICATE_METHOD_MATCH = YES;
				COPY_PHASE_STRIP = NO;
				DEBUG_INFORMATION_FORMAT = dwarf;
				ENABLE_STRICT_OBJC_MSGSEND = YES;
				ENABLE_TESTABILITY = YES;
				GCC_C_LANGUAGE_STANDARD = gnu11;
				GCC_DYNAMIC_NO_PIC = NO;
				GCC_NO_COMMON_BLOCKS = YES;
				GCC_OPTIMIZATION_LEVEL = 0;
				GCC_PREPROCESSOR_DEFINITIONS = (
					"DEBUG=1",
					"$(inherited)",
				);
				GCC_WARN_64_TO_32_BIT_CONVERSION = YES;
				GCC_WARN_ABOUT_RETURN_TYPE = YES_ERROR;
				GCC_WARN_UNDECLARED_SELECTOR = YES;
				GCC_WARN_UNINITIALIZED_AUTOS = YES_AGGRESSIVE;
				GCC_WARN_UNUSED_FUNCTION = YES;
				GCC_WARN_UNUSED_VARIABLE = YES;
				IPHONEOS_DEPLOYMENT_TARGET = 13.2;
				MTL_ENABLE_DEBUG_INFO = INCLUDE_SOURCE;
				MTL_FAST_MATH = YES;
				ONLY_ACTIVE_ARCH = YES;
				SDKROOT = iphoneos;
				SWIFT_ACTIVE_COMPILATION_CONDITIONS = DEBUG;
				SWIFT_OPTIMIZATION_LEVEL = "-Onone";
			};
			name = Debug;
		};
		00BD27EE2411356B009C4B14 /* Release */ = {
			isa = XCBuildConfiguration;
			buildSettings = {
				ALWAYS_SEARCH_USER_PATHS = NO;
				CLANG_ANALYZER_NONNULL = YES;
				CLANG_ANALYZER_NUMBER_OBJECT_CONVERSION = YES_AGGRESSIVE;
				CLANG_CXX_LANGUAGE_STANDARD = "gnu++14";
				CLANG_CXX_LIBRARY = "libc++";
				CLANG_ENABLE_MODULES = YES;
				CLANG_ENABLE_OBJC_ARC = YES;
				CLANG_ENABLE_OBJC_WEAK = YES;
				CLANG_WARN_BLOCK_CAPTURE_AUTORELEASING = YES;
				CLANG_WARN_BOOL_CONVERSION = YES;
				CLANG_WARN_COMMA = YES;
				CLANG_WARN_CONSTANT_CONVERSION = YES;
				CLANG_WARN_DEPRECATED_OBJC_IMPLEMENTATIONS = YES;
				CLANG_WARN_DIRECT_OBJC_ISA_USAGE = YES_ERROR;
				CLANG_WARN_DOCUMENTATION_COMMENTS = YES;
				CLANG_WARN_EMPTY_BODY = YES;
				CLANG_WARN_ENUM_CONVERSION = YES;
				CLANG_WARN_INFINITE_RECURSION = YES;
				CLANG_WARN_INT_CONVERSION = YES;
				CLANG_WARN_NON_LITERAL_NULL_CONVERSION = YES;
				CLANG_WARN_OBJC_IMPLICIT_RETAIN_SELF = YES;
				CLANG_WARN_OBJC_LITERAL_CONVERSION = YES;
				CLANG_WARN_OBJC_ROOT_CLASS = YES_ERROR;
				CLANG_WARN_RANGE_LOOP_ANALYSIS = YES;
				CLANG_WARN_STRICT_PROTOTYPES = YES;
				CLANG_WARN_SUSPICIOUS_MOVE = YES;
				CLANG_WARN_UNGUARDED_AVAILABILITY = YES_AGGRESSIVE;
				CLANG_WARN_UNREACHABLE_CODE = YES;
				CLANG_WARN__DUPLICATE_METHOD_MATCH = YES;
				COPY_PHASE_STRIP = NO;
				DEBUG_INFORMATION_FORMAT = "dwarf-with-dsym";
				ENABLE_NS_ASSERTIONS = NO;
				ENABLE_STRICT_OBJC_MSGSEND = YES;
				GCC_C_LANGUAGE_STANDARD = gnu11;
				GCC_NO_COMMON_BLOCKS = YES;
				GCC_WARN_64_TO_32_BIT_CONVERSION = YES;
				GCC_WARN_ABOUT_RETURN_TYPE = YES_ERROR;
				GCC_WARN_UNDECLARED_SELECTOR = YES;
				GCC_WARN_UNINITIALIZED_AUTOS = YES_AGGRESSIVE;
				GCC_WARN_UNUSED_FUNCTION = YES;
				GCC_WARN_UNUSED_VARIABLE = YES;
				IPHONEOS_DEPLOYMENT_TARGET = 13.2;
				MTL_ENABLE_DEBUG_INFO = NO;
				MTL_FAST_MATH = YES;
				SDKROOT = iphoneos;
				SWIFT_COMPILATION_MODE = wholemodule;
				SWIFT_OPTIMIZATION_LEVEL = "-O";
				VALIDATE_PRODUCT = YES;
			};
			name = Release;
		};
		00BD27F02411356B009C4B14 /* Debug */ = {
			isa = XCBuildConfiguration;
			buildSettings = {
				ASSETCATALOG_COMPILER_APPICON_NAME = AppIcon;
				CODE_SIGN_STYLE = Automatic;
				DEVELOPMENT_TEAM = PY49CKQ6VF;
				INFOPLIST_FILE = "$(SRCROOT)/ScrubbingSlider/Resources/Info.plist";
				LD_RUNPATH_SEARCH_PATHS = (
					"$(inherited)",
					"@executable_path/Frameworks",
				);
				PRODUCT_BUNDLE_IDENTIFIER = de.arthurhammer.test;
				PRODUCT_NAME = "$(TARGET_NAME)";
				SWIFT_VERSION = 5.0;
				TARGETED_DEVICE_FAMILY = "1,2";
			};
			name = Debug;
		};
		00BD27F12411356B009C4B14 /* Release */ = {
			isa = XCBuildConfiguration;
			buildSettings = {
				ASSETCATALOG_COMPILER_APPICON_NAME = AppIcon;
				CODE_SIGN_STYLE = Automatic;
				DEVELOPMENT_TEAM = PY49CKQ6VF;
				INFOPLIST_FILE = "$(SRCROOT)/ScrubbingSlider/Resources/Info.plist";
				LD_RUNPATH_SEARCH_PATHS = (
					"$(inherited)",
					"@executable_path/Frameworks",
				);
				PRODUCT_BUNDLE_IDENTIFIER = de.arthurhammer.test;
				PRODUCT_NAME = "$(TARGET_NAME)";
				SWIFT_VERSION = 5.0;
				TARGETED_DEVICE_FAMILY = "1,2";
			};
			name = Release;
		};
/* End XCBuildConfiguration section */

/* Begin XCConfigurationList section */
		00BD27D624113562009C4B14 /* Build configuration list for PBXProject "ScrubbingSlider" */ = {
			isa = XCConfigurationList;
			buildConfigurations = (
				00BD27ED2411356B009C4B14 /* Debug */,
				00BD27EE2411356B009C4B14 /* Release */,
			);
			defaultConfigurationIsVisible = 0;
			defaultConfigurationName = Release;
		};
		00BD27EF2411356B009C4B14 /* Build configuration list for PBXNativeTarget "ScrubbingSlider" */ = {
			isa = XCConfigurationList;
			buildConfigurations = (
				00BD27F02411356B009C4B14 /* Debug */,
				00BD27F12411356B009C4B14 /* Release */,
			);
			defaultConfigurationIsVisible = 0;
			defaultConfigurationName = Release;
		};
/* End XCConfigurationList section */
	};
	rootObject = 00BD27D324113562009C4B14 /* Project object */;
}
